
Microsoft Visual Studio Solution File, Format Version 12.00
# Visual Studio Version 17
VisualStudioVersion = 17.3.32901.215
MinimumVisualStudioVersion = 10.0.40219.1
Project("{FAE04EC0-301F-11D3-BF4B-00C04F79EFBC}") = "Desktop-app", "Desktop-app.csproj", "{BEC8AD0C-D5B3-4A1C-85C9-45CC43E47005}"
EndProject
Global
	GlobalSection(SolutionConfigurationPlatforms) = preSolution
		Debug|Any CPU = Debug|Any CPU
		Release|Any CPU = Release|Any CPU
	EndGlobalSection
	GlobalSection(ProjectConfigurationPlatforms) = postSolution
		{BEC8AD0C-D5B3-4A1C-85C9-45CC43E47005}.Debug|Any CPU.ActiveCfg = Debug|Any CPU
		{BEC8AD0C-D5B3-4A1C-85C9-45CC43E47005}.Debug|Any CPU.Build.0 = Debug|Any CPU
		{BEC8AD0C-D5B3-4A1C-85C9-45CC43E47005}.Release|Any CPU.ActiveCfg = Release|Any CPU
		{BEC8AD0C-D5B3-4A1C-85C9-45CC43E47005}.Release|Any CPU.Build.0 = Release|Any CPU
	EndGlobalSection
	GlobalSection(SolutionProperties) = preSolution
		HideSolutionNode = FALSE
	EndGlobalSection
	GlobalSection(ExtensibilityGlobals) = postSolution
		SolutionGuid = {215A4320-08D1-427D-BCD4-F885CD121175}
	EndGlobalSection
EndGlobal
