
Microsoft Visual Studio Solution File, Format Version 12.00
# Visual Studio Version 17
VisualStudioVersion = 17.3.32901.215
MinimumVisualStudioVersion = 10.0.40219.1
Project("{9A19103F-16F7-4668-BE54-9A1E7A4F7556}") = "eStore", "eStore.csproj", "{9FF9D092-2108-46DF-B63C-7EF8A1C94C7E}"
EndProject
Project("{9A19103F-16F7-4668-BE54-9A1E7A4F7556}") = "Desktop-app", "..\Desktop-app\Desktop-app.csproj", "{E9D100E6-7449-4D50-B663-E140D1602802}"
EndProject
Project("{9A19103F-16F7-4668-BE54-9A1E7A4F7556}") = "LogicLayerHandlers", "..\ClassLibrary\LogicLayerHandlers.csproj", "{F7D461A2-6027-487F-9FB5-5CF96886B5B5}"
EndProject
Project("{9A19103F-16F7-4668-BE54-9A1E7A4F7556}") = "LogicLayerEntities", "..\LogicLayerEntities\LogicLayerEntities.csproj", "{23C7F37D-AEA7-468D-9D6F-20682E097DE4}"
EndProject
Project("{9A19103F-16F7-4668-BE54-9A1E7A4F7556}") = "DataAccessLayer", "..\DataLayer\DataAccessLayer.csproj", "{627A0329-1070-462C-9C39-953CA8BAC39B}"
EndProject
Project("{FAE04EC0-301F-11D3-BF4B-00C04F79EFBC}") = "TestSuite", "..\TestSuite\TestSuite.csproj", "{808D35DF-720A-4D38-B845-A267DBB68D5A}"
EndProject
Global
	GlobalSection(SolutionConfigurationPlatforms) = preSolution
		Debug|Any CPU = Debug|Any CPU
		Release|Any CPU = Release|Any CPU
	EndGlobalSection
	GlobalSection(ProjectConfigurationPlatforms) = postSolution
		{9FF9D092-2108-46DF-B63C-7EF8A1C94C7E}.Debug|Any CPU.ActiveCfg = Debug|Any CPU
		{9FF9D092-2108-46DF-B63C-7EF8A1C94C7E}.Debug|Any CPU.Build.0 = Debug|Any CPU
		{9FF9D092-2108-46DF-B63C-7EF8A1C94C7E}.Release|Any CPU.ActiveCfg = Release|Any CPU
		{9FF9D092-2108-46DF-B63C-7EF8A1C94C7E}.Release|Any CPU.Build.0 = Release|Any CPU
		{E9D100E6-7449-4D50-B663-E140D1602802}.Debug|Any CPU.ActiveCfg = Debug|Any CPU
		{E9D100E6-7449-4D50-B663-E140D1602802}.Debug|Any CPU.Build.0 = Debug|Any CPU
		{E9D100E6-7449-4D50-B663-E140D1602802}.Release|Any CPU.ActiveCfg = Release|Any CPU
		{E9D100E6-7449-4D50-B663-E140D1602802}.Release|Any CPU.Build.0 = Release|Any CPU
		{F7D461A2-6027-487F-9FB5-5CF96886B5B5}.Debug|Any CPU.ActiveCfg = Debug|Any CPU
		{F7D461A2-6027-487F-9FB5-5CF96886B5B5}.Debug|Any CPU.Build.0 = Debug|Any CPU
		{F7D461A2-6027-487F-9FB5-5CF96886B5B5}.Release|Any CPU.ActiveCfg = Release|Any CPU
		{F7D461A2-6027-487F-9FB5-5CF96886B5B5}.Release|Any CPU.Build.0 = Release|Any CPU
		{23C7F37D-AEA7-468D-9D6F-20682E097DE4}.Debug|Any CPU.ActiveCfg = Debug|Any CPU
		{23C7F37D-AEA7-468D-9D6F-20682E097DE4}.Debug|Any CPU.Build.0 = Debug|Any CPU
		{23C7F37D-AEA7-468D-9D6F-20682E097DE4}.Release|Any CPU.ActiveCfg = Release|Any CPU
		{23C7F37D-AEA7-468D-9D6F-20682E097DE4}.Release|Any CPU.Build.0 = Release|Any CPU
		{627A0329-1070-462C-9C39-953CA8BAC39B}.Debug|Any CPU.ActiveCfg = Debug|Any CPU
		{627A0329-1070-462C-9C39-953CA8BAC39B}.Debug|Any CPU.Build.0 = Debug|Any CPU
		{627A0329-1070-462C-9C39-953CA8BAC39B}.Release|Any CPU.ActiveCfg = Release|Any CPU
		{627A0329-1070-462C-9C39-953CA8BAC39B}.Release|Any CPU.Build.0 = Release|Any CPU
		{808D35DF-720A-4D38-B845-A267DBB68D5A}.Debug|Any CPU.ActiveCfg = Debug|Any CPU
		{808D35DF-720A-4D38-B845-A267DBB68D5A}.Debug|Any CPU.Build.0 = Debug|Any CPU
		{808D35DF-720A-4D38-B845-A267DBB68D5A}.Release|Any CPU.ActiveCfg = Release|Any CPU
		{808D35DF-720A-4D38-B845-A267DBB68D5A}.Release|Any CPU.Build.0 = Release|Any CPU
	EndGlobalSection
	GlobalSection(SolutionProperties) = preSolution
		HideSolutionNode = FALSE
	EndGlobalSection
	GlobalSection(ExtensibilityGlobals) = postSolution
		SolutionGuid = {C7B2570E-FB0E-4A0C-B465-C9C7BFDFBD78}
	EndGlobalSection
EndGlobal
